// !$*UTF8*$!
{
	archiveVersion = 1;
	classes = {
	};
	objectVersion = 48;
	objects = {

/* Begin PBXBuildFile section */
		727971EB1FAACE8A00D2FF0D /* AppDelegate.swift in Sources */ = {isa = PBXBuildFile; fileRef = 727971EA1FAACE8A00D2FF0D /* AppDelegate.swift */; };
		727971ED1FAACE8A00D2FF0D /* ViewController.swift in Sources */ = {isa = PBXBuildFile; fileRef = 727971EC1FAACE8A00D2FF0D /* ViewController.swift */; };
		727971F01FAACE8A00D2FF0D /* Main.storyboard in Resources */ = {isa = PBXBuildFile; fileRef = 727971EE1FAACE8A00D2FF0D /* Main.storyboard */; };
		727971F21FAACE8A00D2FF0D /* Assets.xcassets in Resources */ = {isa = PBXBuildFile; fileRef = 727971F11FAACE8A00D2FF0D /* Assets.xcassets */; };
		727971F51FAACE8A00D2FF0D /* LaunchScreen.storyboard in Resources */ = {isa = PBXBuildFile; fileRef = 727971F31FAACE8A00D2FF0D /* LaunchScreen.storyboard */; };
		727972001FAACE8B00D2FF0D /* ColorChangerTests.swift in Sources */ = {isa = PBXBuildFile; fileRef = 727971FF1FAACE8B00D2FF0D /* ColorChangerTests.swift */; };
		7279720B1FAACE8B00D2FF0D /* ColorChangerUITests.swift in Sources */ = {isa = PBXBuildFile; fileRef = 7279720A1FAACE8B00D2FF0D /* ColorChangerUITests.swift */; };
/* End PBXBuildFile section */

/* Begin PBXContainerItemProxy section */
		727971FC1FAACE8B00D2FF0D /* PBXContainerItemProxy */ = {
			isa = PBXContainerItemProxy;
			containerPortal = 727971DF1FAACE8A00D2FF0D /* Project object */;
			proxyType = 1;
			remoteGlobalIDString = 727971E61FAACE8A00D2FF0D;
			remoteInfo = ColorChanger;
		};
		727972071FAACE8B00D2FF0D /* PBXContainerItemProxy */ = {
			isa = PBXContainerItemProxy;
			containerPortal = 727971DF1FAACE8A00D2FF0D /* Project object */;
			proxyType = 1;
			remoteGlobalIDString = 727971E61FAACE8A00D2FF0D;
			remoteInfo = ColorChanger;
		};
/* End PBXContainerItemProxy section */

/* Begin PBXFileReference section */
		727971E71FAACE8A00D2FF0D /* ColorChanger.app */ = {isa = PBXFileReference; explicitFileType = wrapper.application; includeInIndex = 0; path = ColorChanger.app; sourceTree = BUILT_PRODUCTS_DIR; };
		727971EA1FAACE8A00D2FF0D /* AppDelegate.swift */ = {isa = PBXFileReference; lastKnownFileType = sourcecode.swift; path = AppDelegate.swift; sourceTree = "<group>"; };
		727971EC1FAACE8A00D2FF0D /* ViewController.swift */ = {isa = PBXFileReference; lastKnownFileType = sourcecode.swift; path = ViewController.swift; sourceTree = "<group>"; };
		727971EF1FAACE8A00D2FF0D /* Base */ = {isa = PBXFileReference; lastKnownFileType = file.storyboard; name = Base; path = Base.lproj/Main.storyboard; sourceTree = "<group>"; };
		727971F11FAACE8A00D2FF0D /* Assets.xcassets */ = {isa = PBXFileReference; lastKnownFileType = folder.assetcatalog; path = Assets.xcassets; sourceTree = "<group>"; };
		727971F41FAACE8A00D2FF0D /* Base */ = {isa = PBXFileReference; lastKnownFileType = file.storyboard; name = Base; path = Base.lproj/LaunchScreen.storyboard; sourceTree = "<group>"; };
		727971F61FAACE8A00D2FF0D /* Info.plist */ = {isa = PBXFileReference; lastKnownFileType = text.plist.xml; path = Info.plist; sourceTree = "<group>"; };
		727971FB1FAACE8B00D2FF0D /* ColorChangerTests.xctest */ = {isa = PBXFileReference; explicitFileType = wrapper.cfbundle; includeInIndex = 0; path = ColorChangerTests.xctest; sourceTree = BUILT_PRODUCTS_DIR; };
		727971FF1FAACE8B00D2FF0D /* ColorChangerTests.swift */ = {isa = PBXFileReference; lastKnownFileType = sourcecode.swift; path = ColorChangerTests.swift; sourceTree = "<group>"; };
		727972011FAACE8B00D2FF0D /* Info.plist */ = {isa = PBXFileReference; lastKnownFileType = text.plist.xml; path = Info.plist; sourceTree = "<group>"; };
		727972061FAACE8B00D2FF0D /* ColorChangerUITests.xctest */ = {isa = PBXFileReference; explicitFileType = wrapper.cfbundle; includeInIndex = 0; path = ColorChangerUITests.xctest; sourceTree = BUILT_PRODUCTS_DIR; };
		7279720A1FAACE8B00D2FF0D /* ColorChangerUITests.swift */ = {isa = PBXFileReference; lastKnownFileType = sourcecode.swift; path = ColorChangerUITests.swift; sourceTree = "<group>"; };
		7279720C1FAACE8B00D2FF0D /* Info.plist */ = {isa = PBXFileReference; lastKnownFileType = text.plist.xml; path = Info.plist; sourceTree = "<group>"; };
/* End PBXFileReference section */

/* Begin PBXFrameworksBuildPhase section */
		727971E41FAACE8A00D2FF0D /* Frameworks */ = {
			isa = PBXFrameworksBuildPhase;
			buildActionMask = 2147483647;
			files = (
			);
			runOnlyForDeploymentPostprocessing = 0;
		};
		727971F81FAACE8B00D2FF0D /* Frameworks */ = {
			isa = PBXFrameworksBuildPhase;
			buildActionMask = 2147483647;
			files = (
			);
			runOnlyForDeploymentPostprocessing = 0;
		};
		727972031FAACE8B00D2FF0D /* Frameworks */ = {
			isa = PBXFrameworksBuildPhase;
			buildActionMask = 2147483647;
			files = (
			);
			runOnlyForDeploymentPostprocessing = 0;
		};
/* End PBXFrameworksBuildPhase section */

/* Begin PBXGroup section */
		727971DE1FAACE8A00D2FF0D = {
			isa = PBXGroup;
			children = (
				727971E91FAACE8A00D2FF0D /* ColorChanger */,
				727971FE1FAACE8B00D2FF0D /* ColorChangerTests */,
				727972091FAACE8B00D2FF0D /* ColorChangerUITests */,
				727971E81FAACE8A00D2FF0D /* Products */,
			);
			sourceTree = "<group>";
		};
		727971E81FAACE8A00D2FF0D /* Products */ = {
			isa = PBXGroup;
			children = (
				727971E71FAACE8A00D2FF0D /* ColorChanger.app */,
				727971FB1FAACE8B00D2FF0D /* ColorChangerTests.xctest */,
				727972061FAACE8B00D2FF0D /* ColorChangerUITests.xctest */,
			);
			name = Products;
			sourceTree = "<group>";
		};
		727971E91FAACE8A00D2FF0D /* ColorChanger */ = {
			isa = PBXGroup;
			children = (
				727971EA1FAACE8A00D2FF0D /* AppDelegate.swift */,
				727971EC1FAACE8A00D2FF0D /* ViewController.swift */,
				727971EE1FAACE8A00D2FF0D /* Main.storyboard */,
				727971F11FAACE8A00D2FF0D /* Assets.xcassets */,
				727971F31FAACE8A00D2FF0D /* LaunchScreen.storyboard */,
				727971F61FAACE8A00D2FF0D /* Info.plist */,
			);
			path = ColorChanger;
			sourceTree = "<group>";
		};
		727971FE1FAACE8B00D2FF0D /* ColorChangerTests */ = {
			isa = PBXGroup;
			children = (
				727971FF1FAACE8B00D2FF0D /* ColorChangerTests.swift */,
				727972011FAACE8B00D2FF0D /* Info.plist */,
			);
			path = ColorChangerTests;
			sourceTree = "<group>";
		};
		727972091FAACE8B00D2FF0D /* ColorChangerUITests */ = {
			isa = PBXGroup;
			children = (
				7279720A1FAACE8B00D2FF0D /* ColorChangerUITests.swift */,
				7279720C1FAACE8B00D2FF0D /* Info.plist */,
			);
			path = ColorChangerUITests;
			sourceTree = "<group>";
		};
/* End PBXGroup section */

/* Begin PBXNativeTarget section */
		727971E61FAACE8A00D2FF0D /* ColorChanger */ = {
			isa = PBXNativeTarget;
			buildConfigurationList = 7279720F1FAACE8B00D2FF0D /* Build configuration list for PBXNativeTarget "ColorChanger" */;
			buildPhases = (
				727971E31FAACE8A00D2FF0D /* Sources */,
				727971E41FAACE8A00D2FF0D /* Frameworks */,
				727971E51FAACE8A00D2FF0D /* Resources */,
			);
			buildRules = (
			);
			dependencies = (
			);
			name = ColorChanger;
			productName = ColorChanger;
			productReference = 727971E71FAACE8A00D2FF0D /* ColorChanger.app */;
			productType = "com.apple.product-type.application";
		};
		727971FA1FAACE8B00D2FF0D /* ColorChangerTests */ = {
			isa = PBXNativeTarget;
			buildConfigurationList = 727972121FAACE8B00D2FF0D /* Build configuration list for PBXNativeTarget "ColorChangerTests" */;
			buildPhases = (
				727971F71FAACE8B00D2FF0D /* Sources */,
				727971F81FAACE8B00D2FF0D /* Frameworks */,
				727971F91FAACE8B00D2FF0D /* Resources */,
			);
			buildRules = (
			);
			dependencies = (
				727971FD1FAACE8B00D2FF0D /* PBXTargetDependency */,
			);
			name = ColorChangerTests;
			productName = ColorChangerTests;
			productReference = 727971FB1FAACE8B00D2FF0D /* ColorChangerTests.xctest */;
			productType = "com.apple.product-type.bundle.unit-test";
		};
		727972051FAACE8B00D2FF0D /* ColorChangerUITests */ = {
			isa = PBXNativeTarget;
			buildConfigurationList = 727972151FAACE8B00D2FF0D /* Build configuration list for PBXNativeTarget "ColorChangerUITests" */;
			buildPhases = (
				727972021FAACE8B00D2FF0D /* Sources */,
				727972031FAACE8B00D2FF0D /* Frameworks */,
				727972041FAACE8B00D2FF0D /* Resources */,
			);
			buildRules = (
			);
			dependencies = (
				727972081FAACE8B00D2FF0D /* PBXTargetDependency */,
			);
			name = ColorChangerUITests;
			productName = ColorChangerUITests;
			productReference = 727972061FAACE8B00D2FF0D /* ColorChangerUITests.xctest */;
			productType = "com.apple.product-type.bundle.ui-testing";
		};
/* End PBXNativeTarget section */

/* Begin PBXProject section */
		727971DF1FAACE8A00D2FF0D /* Project object */ = {
			isa = PBXProject;
			attributes = {
				LastSwiftUpdateCheck = 0900;
				LastUpgradeCheck = 0900;
				ORGANIZATIONNAME = shokhsanam;
				TargetAttributes = {
					727971E61FAACE8A00D2FF0D = {
						CreatedOnToolsVersion = 9.0.1;
						ProvisioningStyle = Automatic;
					};
					727971FA1FAACE8B00D2FF0D = {
						CreatedOnToolsVersion = 9.0.1;
						ProvisioningStyle = Automatic;
						TestTargetID = 727971E61FAACE8A00D2FF0D;
					};
					727972051FAACE8B00D2FF0D = {
						CreatedOnToolsVersion = 9.0.1;
						ProvisioningStyle = Automatic;
						TestTargetID = 727971E61FAACE8A00D2FF0D;
					};
				};
			};
			buildConfigurationList = 727971E21FAACE8A00D2FF0D /* Build configuration list for PBXProject "ColorChanger" */;
			compatibilityVersion = "Xcode 8.0";
			developmentRegion = en;
			hasScannedForEncodings = 0;
			knownRegions = (
				en,
				Base,
			);
			mainGroup = 727971DE1FAACE8A00D2FF0D;
			productRefGroup = 727971E81FAACE8A00D2FF0D /* Products */;
			projectDirPath = "";
			projectRoot = "";
			targets = (
				727971E61FAACE8A00D2FF0D /* ColorChanger */,
				727971FA1FAACE8B00D2FF0D /* ColorChangerTests */,
				727972051FAACE8B00D2FF0D /* ColorChangerUITests */,
			);
		};
/* End PBXProject section */

/* Begin PBXResourcesBuildPhase section */
		727971E51FAACE8A00D2FF0D /* Resources */ = {
			isa = PBXResourcesBuildPhase;
			buildActionMask = 2147483647;
			files = (
				727971F51FAACE8A00D2FF0D /* LaunchScreen.storyboard in Resources */,
				727971F21FAACE8A00D2FF0D /* Assets.xcassets in Resources */,
				727971F01FAACE8A00D2FF0D /* Main.storyboard in Resources */,
			);
			runOnlyForDeploymentPostprocessing = 0;
		};
		727971F91FAACE8B00D2FF0D /* Resources */ = {
			isa = PBXResourcesBuildPhase;
			buildActionMask = 2147483647;
			files = (
			);
			runOnlyForDeploymentPostprocessing = 0;
		};
		727972041FAACE8B00D2FF0D /* Resources */ = {
			isa = PBXResourcesBuildPhase;
			buildActionMask = 2147483647;
			files = (
			);
			runOnlyForDeploymentPostprocessing = 0;
		};
/* End PBXResourcesBuildPhase section */

/* Begin PBXSourcesBuildPhase section */
		727971E31FAACE8A00D2FF0D /* Sources */ = {
			isa = PBXSourcesBuildPhase;
			buildActionMask = 2147483647;
			files = (
				727971ED1FAACE8A00D2FF0D /* ViewController.swift in Sources */,
				727971EB1FAACE8A00D2FF0D /* AppDelegate.swift in Sources */,
			);
			runOnlyForDeploymentPostprocessing = 0;
		};
		727971F71FAACE8B00D2FF0D /* Sources */ = {
			isa = PBXSourcesBuildPhase;
			buildActionMask = 2147483647;
			files = (
				727972001FAACE8B00D2FF0D /* ColorChangerTests.swift in Sources */,
			);
			runOnlyForDeploymentPostprocessing = 0;
		};
		727972021FAACE8B00D2FF0D /* Sources */ = {
			isa = PBXSourcesBuildPhase;
			buildActionMask = 2147483647;
			files = (
				7279720B1FAACE8B00D2FF0D /* ColorChangerUITests.swift in Sources */,
			);
			runOnlyForDeploymentPostprocessing = 0;
		};
/* End PBXSourcesBuildPhase section */

/* Begin PBXTargetDependency section */
		727971FD1FAACE8B00D2FF0D /* PBXTargetDependency */ = {
			isa = PBXTargetDependency;
			target = 727971E61FAACE8A00D2FF0D /* ColorChanger */;
			targetProxy = 727971FC1FAACE8B00D2FF0D /* PBXContainerItemProxy */;
		};
		727972081FAACE8B00D2FF0D /* PBXTargetDependency */ = {
			isa = PBXTargetDependency;
			target = 727971E61FAACE8A00D2FF0D /* ColorChanger */;
			targetProxy = 727972071FAACE8B00D2FF0D /* PBXContainerItemProxy */;
		};
/* End PBXTargetDependency section */

/* Begin PBXVariantGroup section */
		727971EE1FAACE8A00D2FF0D /* Main.storyboard */ = {
			isa = PBXVariantGroup;
			children = (
				727971EF1FAACE8A00D2FF0D /* Base */,
			);
			name = Main.storyboard;
			sourceTree = "<group>";
		};
		727971F31FAACE8A00D2FF0D /* LaunchScreen.storyboard */ = {
			isa = PBXVariantGroup;
			children = (
				727971F41FAACE8A00D2FF0D /* Base */,
			);
			name = LaunchScreen.storyboard;
			sourceTree = "<group>";
		};
/* End PBXVariantGroup section */

/* Begin XCBuildConfiguration section */
		7279720D1FAACE8B00D2FF0D /* Debug */ = {
			isa = XCBuildConfiguration;
			buildSettings = {
				ALWAYS_SEARCH_USER_PATHS = NO;
				CLANG_ANALYZER_NONNULL = YES;
				CLANG_ANALYZER_NUMBER_OBJECT_CONVERSION = YES_AGGRESSIVE;
				CLANG_CXX_LANGUAGE_STANDARD = "gnu++14";
				CLANG_CXX_LIBRARY = "libc++";
				CLANG_ENABLE_MODULES = YES;
				CLANG_ENABLE_OBJC_ARC = YES;
				CLANG_WARN_BLOCK_CAPTURE_AUTORELEASING = YES;
				CLANG_WARN_BOOL_CONVERSION = YES;
				CLANG_WARN_COMMA = YES;
				CLANG_WARN_CONSTANT_CONVERSION = YES;
				CLANG_WARN_DIRECT_OBJC_ISA_USAGE = YES_ERROR;
				CLANG_WARN_DOCUMENTATION_COMMENTS = YES;
				CLANG_WARN_EMPTY_BODY = YES;
				CLANG_WARN_ENUM_CONVERSION = YES;
				CLANG_WARN_INFINITE_RECURSION = YES;
				CLANG_WARN_INT_CONVERSION = YES;
				CLANG_WARN_NON_LITERAL_NULL_CONVERSION = YES;
				CLANG_WARN_OBJC_LITERAL_CONVERSION = YES;
				CLANG_WARN_OBJC_ROOT_CLASS = YES_ERROR;
				CLANG_WARN_RANGE_LOOP_ANALYSIS = YES;
				CLANG_WARN_STRICT_PROTOTYPES = YES;
				CLANG_WARN_SUSPICIOUS_MOVE = YES;
				CLANG_WARN_UNGUARDED_AVAILABILITY = YES_AGGRESSIVE;
				CLANG_WARN_UNREACHABLE_CODE = YES;
				CLANG_WARN__DUPLICATE_METHOD_MATCH = YES;
				CODE_SIGN_IDENTITY = "iPhone Developer";
				COPY_PHASE_STRIP = NO;
				DEBUG_INFORMATION_FORMAT = dwarf;
				ENABLE_STRICT_OBJC_MSGSEND = YES;
				ENABLE_TESTABILITY = YES;
				GCC_C_LANGUAGE_STANDARD = gnu11;
				GCC_DYNAMIC_NO_PIC = NO;
				GCC_NO_COMMON_BLOCKS = YES;
				GCC_OPTIMIZATION_LEVEL = 0;
				GCC_PREPROCESSOR_DEFINITIONS = (
					"DEBUG=1",
					"$(inherited)",
				);
				GCC_WARN_64_TO_32_BIT_CONVERSION = YES;
				GCC_WARN_ABOUT_RETURN_TYPE = YES_ERROR;
				GCC_WARN_UNDECLARED_SELECTOR = YES;
				GCC_WARN_UNINITIALIZED_AUTOS = YES_AGGRESSIVE;
				GCC_WARN_UNUSED_FUNCTION = YES;
				GCC_WARN_UNUSED_VARIABLE = YES;
				IPHONEOS_DEPLOYMENT_TARGET = 11.0;
				MTL_ENABLE_DEBUG_INFO = YES;
				ONLY_ACTIVE_ARCH = YES;
				SDKROOT = iphoneos;
				SWIFT_ACTIVE_COMPILATION_CONDITIONS = DEBUG;
				SWIFT_OPTIMIZATION_LEVEL = "-Onone";
			};
			name = Debug;
		};
		7279720E1FAACE8B00D2FF0D /* Release */ = {
			isa = XCBuildConfiguration;
			buildSettings = {
				ALWAYS_SEARCH_USER_PATHS = NO;
				CLANG_ANALYZER_NONNULL = YES;
				CLANG_ANALYZER_NUMBER_OBJECT_CONVERSION = YES_AGGRESSIVE;
				CLANG_CXX_LANGUAGE_STANDARD = "gnu++14";
				CLANG_CXX_LIBRARY = "libc++";
				CLANG_ENABLE_MODULES = YES;
				CLANG_ENABLE_OBJC_ARC = YES;
				CLANG_WARN_BLOCK_CAPTURE_AUTORELEASING = YES;
				CLANG_WARN_BOOL_CONVERSION = YES;
				CLANG_WARN_COMMA = YES;
				CLANG_WARN_CONSTANT_CONVERSION = YES;
				CLANG_WARN_DIRECT_OBJC_ISA_USAGE = YES_ERROR;
				CLANG_WARN_DOCUMENTATION_COMMENTS = YES;
				CLANG_WARN_EMPTY_BODY = YES;
				CLANG_WARN_ENUM_CONVERSION = YES;
				CLANG_WARN_INFINITE_RECURSION = YES;
				CLANG_WARN_INT_CONVERSION = YES;
				CLANG_WARN_NON_LITERAL_NULL_CONVERSION = YES;
				CLANG_WARN_OBJC_LITERAL_CONVERSION = YES;
				CLANG_WARN_OBJC_ROOT_CLASS = YES_ERROR;
				CLANG_WARN_RANGE_LOOP_ANALYSIS = YES;
				CLANG_WARN_STRICT_PROTOTYPES = YES;
				CLANG_WARN_SUSPICIOUS_MOVE = YES;
				CLANG_WARN_UNGUARDED_AVAILABILITY = YES_AGGRESSIVE;
				CLANG_WARN_UNREACHABLE_CODE = YES;
				CLANG_WARN__DUPLICATE_METHOD_MATCH = YES;
				CODE_SIGN_IDENTITY = "iPhone Developer";
				COPY_PHASE_STRIP = NO;
				DEBUG_INFORMATION_FORMAT = "dwarf-with-dsym";
				ENABLE_NS_ASSERTIONS = NO;
				ENABLE_STRICT_OBJC_MSGSEND = YES;
				GCC_C_LANGUAGE_STANDARD = gnu11;
				GCC_NO_COMMON_BLOCKS = YES;
				GCC_WARN_64_TO_32_BIT_CONVERSION = YES;
				GCC_WARN_ABOUT_RETURN_TYPE = YES_ERROR;
				GCC_WARN_UNDECLARED_SELECTOR = YES;
				GCC_WARN_UNINITIALIZED_AUTOS = YES_AGGRESSIVE;
				GCC_WARN_UNUSED_FUNCTION = YES;
				GCC_WARN_UNUSED_VARIABLE = YES;
				IPHONEOS_DEPLOYMENT_TARGET = 11.0;
				MTL_ENABLE_DEBUG_INFO = NO;
				SDKROOT = iphoneos;
				SWIFT_OPTIMIZATION_LEVEL = "-Owholemodule";
				VALIDATE_PRODUCT = YES;
			};
			name = Release;
		};
		727972101FAACE8B00D2FF0D /* Debug */ = {
			isa = XCBuildConfiguration;
			buildSettings = {
				ASSETCATALOG_COMPILER_APPICON_NAME = AppIcon;
				CODE_SIGN_STYLE = Automatic;
				DEVELOPMENT_TEAM = UP4AJ947VV;
				INFOPLIST_FILE = ColorChanger/Info.plist;
				LD_RUNPATH_SEARCH_PATHS = "$(inherited) @executable_path/Frameworks";
				PRODUCT_BUNDLE_IDENTIFIER = "Inha-University.ColorChanger";
				PRODUCT_NAME = "$(TARGET_NAME)";
				SWIFT_VERSION = 4.0;
				TARGETED_DEVICE_FAMILY = "1,2";
			};
			name = Debug;
		};
		727972111FAACE8B00D2FF0D /* Release */ = {
			isa = XCBuildConfiguration;
			buildSettings = {
				ASSETCATALOG_COMPILER_APPICON_NAME = AppIcon;
				CODE_SIGN_STYLE = Automatic;
				DEVELOPMENT_TEAM = UP4AJ947VV;
				INFOPLIST_FILE = ColorChanger/Info.plist;
				LD_RUNPATH_SEARCH_PATHS = "$(inherited) @executable_path/Frameworks";
				PRODUCT_BUNDLE_IDENTIFIER = "Inha-University.ColorChanger";
				PRODUCT_NAME = "$(TARGET_NAME)";
				SWIFT_VERSION = 4.0;
				TARGETED_DEVICE_FAMILY = "1,2";
			};
			name = Release;
		};
		727972131FAACE8B00D2FF0D /* Debug */ = {
			isa = XCBuildConfiguration;
			buildSettings = {
				ALWAYS_EMBED_SWIFT_STANDARD_LIBRARIES = YES;
				BUNDLE_LOADER = "$(TEST_HOST)";
				CODE_SIGN_STYLE = Automatic;
				DEVELOPMENT_TEAM = UP4AJ947VV;
				INFOPLIST_FILE = ColorChangerTests/Info.plist;
				LD_RUNPATH_SEARCH_PATHS = "$(inherited) @executable_path/Frameworks @loader_path/Frameworks";
				PRODUCT_BUNDLE_IDENTIFIER = "Inha-University.ColorChangerTests";
				PRODUCT_NAME = "$(TARGET_NAME)";
				SWIFT_VERSION = 4.0;
				TARGETED_DEVICE_FAMILY = "1,2";
				TEST_HOST = "$(BUILT_PRODUCTS_DIR)/ColorChanger.app/ColorChanger";
			};
			name = Debug;
		};
		727972141FAACE8B00D2FF0D /* Release */ = {
			isa = XCBuildConfiguration;
			buildSettings = {
				ALWAYS_EMBED_SWIFT_STANDARD_LIBRARIES = YES;
				BUNDLE_LOADER = "$(TEST_HOST)";
				CODE_SIGN_STYLE = Automatic;
				DEVELOPMENT_TEAM = UP4AJ947VV;
				INFOPLIST_FILE = ColorChangerTests/Info.plist;
				LD_RUNPATH_SEARCH_PATHS = "$(inherited) @executable_path/Frameworks @loader_path/Frameworks";
				PRODUCT_BUNDLE_IDENTIFIER = "Inha-University.ColorChangerTests";
				PRODUCT_NAME = "$(TARGET_NAME)";
				SWIFT_VERSION = 4.0;
				TARGETED_DEVICE_FAMILY = "1,2";
				TEST_HOST = "$(BUILT_PRODUCTS_DIR)/ColorChanger.app/ColorChanger";
			};
			name = Release;
		};
		727972161FAACE8B00D2FF0D /* Debug */ = {
			isa = XCBuildConfiguration;
			buildSettings = {
				ALWAYS_EMBED_SWIFT_STANDARD_LIBRARIES = YES;
				CODE_SIGN_STYLE = Automatic;
				DEVELOPMENT_TEAM = UP4AJ947VV;
				INFOPLIST_FILE = ColorChangerUITests/Info.plist;
				LD_RUNPATH_SEARCH_PATHS = "$(inherited) @executable_path/Frameworks @loader_path/Frameworks";
				PRODUCT_BUNDLE_IDENTIFIER = "Inha-University.ColorChangerUITests";
				PRODUCT_NAME = "$(TARGET_NAME)";
				SWIFT_VERSION = 4.0;
				TARGETED_DEVICE_FAMILY = "1,2";
				TEST_TARGET_NAME = ColorChanger;
			};
			name = Debug;
		};
		727972171FAACE8B00D2FF0D /* Release */ = {
			isa = XCBuildConfiguration;
			buildSettings = {
				ALWAYS_EMBED_SWIFT_STANDARD_LIBRARIES = YES;
				CODE_SIGN_STYLE = Automatic;
				DEVELOPMENT_TEAM = UP4AJ947VV;
				INFOPLIST_FILE = ColorChangerUITests/Info.plist;
				LD_RUNPATH_SEARCH_PATHS = "$(inherited) @executable_path/Frameworks @loader_path/Frameworks";
				PRODUCT_BUNDLE_IDENTIFIER = "Inha-University.ColorChangerUITests";
				PRODUCT_NAME = "$(TARGET_NAME)";
				SWIFT_VERSION = 4.0;
				TARGETED_DEVICE_FAMILY = "1,2";
				TEST_TARGET_NAME = ColorChanger;
			};
			name = Release;
		};
/* End XCBuildConfiguration section */

/* Begin XCConfigurationList section */
		727971E21FAACE8A00D2FF0D /* Build configuration list for PBXProject "ColorChanger" */ = {
			isa = XCConfigurationList;
			buildConfigurations = (
				7279720D1FAACE8B00D2FF0D /* Debug */,
				7279720E1FAACE8B00D2FF0D /* Release */,
			);
			defaultConfigurationIsVisible = 0;
			defaultConfigurationName = Release;
		};
		7279720F1FAACE8B00D2FF0D /* Build configuration list for PBXNativeTarget "ColorChanger" */ = {
			isa = XCConfigurationList;
			buildConfigurations = (
				727972101FAACE8B00D2FF0D /* Debug */,
				727972111FAACE8B00D2FF0D /* Release */,
			);
			defaultConfigurationIsVisible = 0;
			defaultConfigurationName = Release;
		};
		727972121FAACE8B00D2FF0D /* Build configuration list for PBXNativeTarget "ColorChangerTests" */ = {
			isa = XCConfigurationList;
			buildConfigurations = (
				727972131FAACE8B00D2FF0D /* Debug */,
				727972141FAACE8B00D2FF0D /* Release */,
			);
			defaultConfigurationIsVisible = 0;
			defaultConfigurationName = Release;
		};
		727972151FAACE8B00D2FF0D /* Build configuration list for PBXNativeTarget "ColorChangerUITests" */ = {
			isa = XCConfigurationList;
			buildConfigurations = (
				727972161FAACE8B00D2FF0D /* Debug */,
				727972171FAACE8B00D2FF0D /* Release */,
			);
			defaultConfigurationIsVisible = 0;
			defaultConfigurationName = Release;
		};
/* End XCConfigurationList section */
	};
	rootObject = 727971DF1FAACE8A00D2FF0D /* Project object */;
}
